
Microsoft Visual Studio Solution File, Format Version 12.00
# Visual Studio Version 17
VisualStudioVersion = 17.6.33829.357
MinimumVisualStudioVersion = 10.0.40219.1
Project("{FAE04EC0-301F-11D3-BF4B-00C04F79EFBC}") = "lap 7", "lap 7.csproj", "{38C9E6B6-D7B0-4588-B06F-3757C45F5914}"
EndProject
Global
	GlobalSection(SolutionConfigurationPlatforms) = preSolution
		Debug|Any CPU = Debug|Any CPU
		Release|Any CPU = Release|Any CPU
	EndGlobalSection
	GlobalSection(ProjectConfigurationPlatforms) = postSolution
		{38C9E6B6-D7B0-4588-B06F-3757C45F5914}.Debug|Any CPU.ActiveCfg = Debug|Any CPU
		{38C9E6B6-D7B0-4588-B06F-3757C45F5914}.Debug|Any CPU.Build.0 = Debug|Any CPU
		{38C9E6B6-D7B0-4588-B06F-3757C45F5914}.Release|Any CPU.ActiveCfg = Release|Any CPU
		{38C9E6B6-D7B0-4588-B06F-3757C45F5914}.Release|Any CPU.Build.0 = Release|Any CPU
	EndGlobalSection
	GlobalSection(SolutionProperties) = preSolution
		HideSolutionNode = FALSE
	EndGlobalSection
	GlobalSection(ExtensibilityGlobals) = postSolution
		SolutionGuid = {5EEE1131-D7FA-42A7-8E7F-44933D30DC80}
	EndGlobalSection
EndGlobal
