
Microsoft Visual Studio Solution File, Format Version 12.00
# Visual Studio Version 17
VisualStudioVersion = 17.6.33829.357
MinimumVisualStudioVersion = 10.0.40219.1
Project("{FAE04EC0-301F-11D3-BF4B-00C04F79EFBC}") = "lap 1", "lap 1\lap 1.csproj", "{8A1D0823-912D-4AD6-BB36-CCB9D4515840}"
EndProject
Global
	GlobalSection(SolutionConfigurationPlatforms) = preSolution
		Debug|Any CPU = Debug|Any CPU
		Release|Any CPU = Release|Any CPU
	EndGlobalSection
	GlobalSection(ProjectConfigurationPlatforms) = postSolution
		{8A1D0823-912D-4AD6-BB36-CCB9D4515840}.Debug|Any CPU.ActiveCfg = Debug|Any CPU
		{8A1D0823-912D-4AD6-BB36-CCB9D4515840}.Debug|Any CPU.Build.0 = Debug|Any CPU
		{8A1D0823-912D-4AD6-BB36-CCB9D4515840}.Release|Any CPU.ActiveCfg = Release|Any CPU
		{8A1D0823-912D-4AD6-BB36-CCB9D4515840}.Release|Any CPU.Build.0 = Release|Any CPU
	EndGlobalSection
	GlobalSection(SolutionProperties) = preSolution
		HideSolutionNode = FALSE
	EndGlobalSection
	GlobalSection(ExtensibilityGlobals) = postSolution
		SolutionGuid = {27500679-2359-412A-90E2-B5B9B5852085}
	EndGlobalSection
EndGlobal
