
Microsoft Visual Studio Solution File, Format Version 12.00
# Visual Studio Version 17
VisualStudioVersion = 17.3.32819.101
MinimumVisualStudioVersion = 10.0.40219.1
Project("{FAE04EC0-301F-11D3-BF4B-00C04F79EFBC}") = "Task 4", "Task 4.csproj", "{DCF28C7D-40BF-41F8-9069-9F9957392420}"
EndProject
Global
	GlobalSection(SolutionConfigurationPlatforms) = preSolution
		Debug|Any CPU = Debug|Any CPU
		Release|Any CPU = Release|Any CPU
	EndGlobalSection
	GlobalSection(ProjectConfigurationPlatforms) = postSolution
		{DCF28C7D-40BF-41F8-9069-9F9957392420}.Debug|Any CPU.ActiveCfg = Debug|Any CPU
		{DCF28C7D-40BF-41F8-9069-9F9957392420}.Debug|Any CPU.Build.0 = Debug|Any CPU
		{DCF28C7D-40BF-41F8-9069-9F9957392420}.Release|Any CPU.ActiveCfg = Release|Any CPU
		{DCF28C7D-40BF-41F8-9069-9F9957392420}.Release|Any CPU.Build.0 = Release|Any CPU
	EndGlobalSection
	GlobalSection(SolutionProperties) = preSolution
		HideSolutionNode = FALSE
	EndGlobalSection
	GlobalSection(ExtensibilityGlobals) = postSolution
		SolutionGuid = {02A3F4E8-9467-4F83-A0BE-A34C081C9A86}
	EndGlobalSection
EndGlobal
